
Microsoft Visual Studio Solution File, Format Version 11.00
# Visual Studio 2010
Project("{F14B399A-7131-4C87-9E4B-1186C45EF12D}") = "HrgaReport", "HrgaReport\HrgaReport.rptproj", "{4CCA37BB-288A-413A-9A47-DE5F802B3761}"
EndProject
Global
	GlobalSection(SolutionConfigurationPlatforms) = preSolution
		Debug|Default = Debug|Default
		DebugLocal|Default = DebugLocal|Default
		Production|Default = Production|Default
	EndGlobalSection
	GlobalSection(ProjectConfigurationPlatforms) = postSolution
		{4CCA37BB-288A-413A-9A47-DE5F802B3761}.Debug|Default.ActiveCfg = Debug
		{4CCA37BB-288A-413A-9A47-DE5F802B3761}.Debug|Default.Build.0 = DebugLocal
		{4CCA37BB-288A-413A-9A47-DE5F802B3761}.Debug|Default.Deploy.0 = DebugLocal
		{4CCA37BB-288A-413A-9A47-DE5F802B3761}.DebugLocal|Default.ActiveCfg = DebugLocal
		{4CCA37BB-288A-413A-9A47-DE5F802B3761}.DebugLocal|Default.Build.0 = DebugLocal
		{4CCA37BB-288A-413A-9A47-DE5F802B3761}.Production|Default.ActiveCfg = Production
		{4CCA37BB-288A-413A-9A47-DE5F802B3761}.Production|Default.Build.0 = Production
		{4CCA37BB-288A-413A-9A47-DE5F802B3761}.Production|Default.Deploy.0 = Production
	EndGlobalSection
	GlobalSection(SolutionProperties) = preSolution
		HideSolutionNode = FALSE
	EndGlobalSection
EndGlobal
